
Microsoft Visual Studio Solution File, Format Version 11.00
# Visual Studio 2010
Project("{8BC9CEB8-8B4A-11D0-8D11-00A0C91BC942}") = "MFC_Exp01", "MFC_Exp01\MFC_Exp01.vcxproj", "{603689A4-FE2E-484F-ABC5-FA159CDDF328}"
EndProject
Global
	GlobalSection(SolutionConfigurationPlatforms) = preSolution
		Debug|Win32 = Debug|Win32
		Release|Win32 = Release|Win32
	EndGlobalSection
	GlobalSection(ProjectConfigurationPlatforms) = postSolution
		{603689A4-FE2E-484F-ABC5-FA159CDDF328}.Debug|Win32.ActiveCfg = Debug|Win32
		{603689A4-FE2E-484F-ABC5-FA159CDDF328}.Debug|Win32.Build.0 = Debug|Win32
		{603689A4-FE2E-484F-ABC5-FA159CDDF328}.Release|Win32.ActiveCfg = Release|Win32
		{603689A4-FE2E-484F-ABC5-FA159CDDF328}.Release|Win32.Build.0 = Release|Win32
	EndGlobalSection
	GlobalSection(SolutionProperties) = preSolution
		HideSolutionNode = FALSE
	EndGlobalSection
EndGlobal
